
Microsoft Visual Studio Solution File, Format Version 12.00
# Visual Studio 15
VisualStudioVersion = 15.0.27428.2037
MinimumVisualStudioVersion = 10.0.40219.1
Project("{FAE04EC0-301F-11D3-BF4B-00C04F79EFBC}") = "puppeteer_sharp_autoticket_proto", "puppeteer_sharp_autoticket_proto\puppeteer_sharp_autoticket_proto.csproj", "{95FFE802-BC28-4EBA-A0B7-22332A57441B}"
EndProject
Project("{FAE04EC0-301F-11D3-BF4B-00C04F79EFBC}") = "engine", "engine\engine.csproj", "{4633FFC1-48AC-44BE-9069-2D87B3FF42BF}"
EndProject
Global
	GlobalSection(SolutionConfigurationPlatforms) = preSolution
		Debug|Any CPU = Debug|Any CPU
		Release|Any CPU = Release|Any CPU
	EndGlobalSection
	GlobalSection(ProjectConfigurationPlatforms) = postSolution
		{95FFE802-BC28-4EBA-A0B7-22332A57441B}.Debug|Any CPU.ActiveCfg = Debug|Any CPU
		{95FFE802-BC28-4EBA-A0B7-22332A57441B}.Debug|Any CPU.Build.0 = Debug|Any CPU
		{95FFE802-BC28-4EBA-A0B7-22332A57441B}.Release|Any CPU.ActiveCfg = Release|Any CPU
		{95FFE802-BC28-4EBA-A0B7-22332A57441B}.Release|Any CPU.Build.0 = Release|Any CPU
		{4633FFC1-48AC-44BE-9069-2D87B3FF42BF}.Debug|Any CPU.ActiveCfg = Debug|Any CPU
		{4633FFC1-48AC-44BE-9069-2D87B3FF42BF}.Debug|Any CPU.Build.0 = Debug|Any CPU
		{4633FFC1-48AC-44BE-9069-2D87B3FF42BF}.Release|Any CPU.ActiveCfg = Release|Any CPU
		{4633FFC1-48AC-44BE-9069-2D87B3FF42BF}.Release|Any CPU.Build.0 = Release|Any CPU
	EndGlobalSection
	GlobalSection(SolutionProperties) = preSolution
		HideSolutionNode = FALSE
	EndGlobalSection
	GlobalSection(ExtensibilityGlobals) = postSolution
		SolutionGuid = {80795667-1768-4ECD-9DD6-5BB892EB91A7}
	EndGlobalSection
EndGlobal
